<?xml version="1.0" encoding="utf-8"?>
<Project ToolsVersion="4.0" xmlns="http://schemas.microsoft.com/developer/msbuild/2003">
  <ItemGroup>
    <Filter Include="main">
      <UniqueIdentifier>{fef760b8-c547-499a-9ff9-3b24138d505e}</UniqueIdentifier>
    </Filter>
    <Filter Include="main\source_engine">
      <UniqueIdentifier>{7e1ed860-cf5e-44b9-be20-a24e8e6c5a04}</UniqueIdentifier>
    </Filter>
    <Filter Include="main\source_engine\classes">
      <UniqueIdentifier>{7d0feedb-405c-4875-99a3-4b23326a0fbb}</UniqueIdentifier>
    </Filter>
    <Filter Include="main\source_engine\structs">
      <UniqueIdentifier>{3f2e87f4-c3e8-43fd-b9b6-324df766d4ee}</UniqueIdentifier>
    </Filter>
    <Filter Include="main\hooks">
      <UniqueIdentifier>{e2190b87-e1ad-411f-ab12-b99193258a9d}</UniqueIdentifier>
    </Filter>
    <Filter Include="main\source_engine\enumerations">
      <UniqueIdentifier>{44b000e4-f423-4e0b-911e-b92dc5250bbd}</UniqueIdentifier>
    </Filter>
    <Filter Include="main\hooks\functions">
      <UniqueIdentifier>{f1e1a300-aaba-4452-854b-f252160397b5}</UniqueIdentifier>
    </Filter>
    <Filter Include="main\features">
      <UniqueIdentifier>{524cefc9-bf8c-4b30-9c40-23c77e696624}</UniqueIdentifier>
    </Filter>
    <Filter Include="main\features\visuals">
      <UniqueIdentifier>{c00a5d34-d724-4aac-b2b2-d1f24df16b39}</UniqueIdentifier>
    </Filter>
    <Filter Include="main\features\legitbot">
      <UniqueIdentifier>{8f02e090-c6ba-418f-ae87-0930955d1ca1}</UniqueIdentifier>
    </Filter>
    <Filter Include="main\features\legitbot\aimbot">
      <UniqueIdentifier>{60cc3896-8fc0-4b5b-9948-790d33befba4}</UniqueIdentifier>
    </Filter>
    <Filter Include="main\features\legitbot\triggerbot">
      <UniqueIdentifier>{8dd5bf62-8c01-4aac-ba8d-18fc0ed4e969}</UniqueIdentifier>
    </Filter>
    <Filter Include="main\features\legitbot\backtrack">
      <UniqueIdentifier>{a543c5b1-645f-4eed-ae95-883cc87e72af}</UniqueIdentifier>
    </Filter>
    <Filter Include="main\features\visuals\players">
      <UniqueIdentifier>{7bd13688-a3d2-4647-b8a3-c1046862ee14}</UniqueIdentifier>
    </Filter>
    <Filter Include="main\features\visuals\edicts">
      <UniqueIdentifier>{4fb3d2a7-b26d-4e4b-9add-eb94d9e10adb}</UniqueIdentifier>
    </Filter>
    <Filter Include="main\features\misc">
      <UniqueIdentifier>{29ae081a-406d-4638-8a21-b7c06001da39}</UniqueIdentifier>
    </Filter>
    <Filter Include="main\features\movement">
      <UniqueIdentifier>{baefd6ba-b638-476d-b1a0-ea9ba907a621}</UniqueIdentifier>
    </Filter>
    <Filter Include="main\features\movement\indicators">
      <UniqueIdentifier>{c581714e-6e6c-4046-9d64-24aee79095a4}</UniqueIdentifier>
    </Filter>
    <Filter Include="main\source_engine\interfaces">
      <UniqueIdentifier>{a8f1d09c-9438-4fe0-b959-34bf4868d3e4}</UniqueIdentifier>
    </Filter>
  </ItemGroup>
  <ItemGroup>
    <ClInclude Include="main\features\visuals\edicts\edicts.h" />
    <ClInclude Include="main\features\visuals\players\players.h" />
    <ClInclude Include="main\hooks\hooks.h" />
    <ClInclude Include="main\source_engine\classes\c_base_entity.h" />
    <ClInclude Include="main\source_engine\classes\c_user_cmd.h" />
    <ClInclude Include="main\features\misc\misc.h" />
    <ClInclude Include="main\features\movement\indicators\indicators.h" />
    <ClInclude Include="main\features\movement\movement.h" />
    <ClInclude Include="main\globals.h" />
    <ClInclude Include="main\utilities\console\console.h" />
    <ClInclude Include="main\memory\memory.h" />
    <ClInclude Include="main\utilities\utilities.h" />
    <ClInclude Include="main\utilities\memory\pe32.h" />
    <ClInclude Include="main\source_engine\interfaces\interfaces.h" />
    <ClInclude Include="main\hashing\strings\fnv1a.h" />
    <ClInclude Include="main\hashing\strings\xorstr.h" />
    <ClInclude Include="main\includes.h" />
    <ClInclude Include="main\hashing\imports\lazy_importer.h" />
    <ClInclude Include="main\source_engine\classes\c_engine.h" />
    <ClInclude Include="main\source_engine\classes\c_client.h" />
    <ClInclude Include="main\source_engine\enumerations\e_client_frame_stage.h" />
    <ClInclude Include="main\source_engine\classes\c_angle.h" />
    <ClInclude Include="main\source_engine\classes\c_vector.h" />
    <ClInclude Include="main\hashing\other\crc32.h" />
    <ClInclude Include="main\source_engine\classes\c_input.h" />
    <ClInclude Include="main\source_engine\classes\c_key_values_system.h" />
    <ClInclude Include="main\utilities\input\input.h" />
    <ClInclude Include="main\utilities\render\render.h" />
    <ClInclude Include="main\menu\menu.h" />
    <ClInclude Include="main\source_engine\classes\c_input_system.h" />
    <ClInclude Include="main\source_engine\classes\c_surface.h" />
    <ClInclude Include="main\source_engine\classes\c_color.h" />
    <ClInclude Include="main\source_engine\classes\c_client_entity_list.h" />
    <ClInclude Include="main\source_engine\netvars\netvars.h" />
    <ClInclude Include="main\source_engine\datatypes\datatable.h" />
    <ClInclude Include="main\source_engine\datatypes\datamap.h" />
    <ClInclude Include="main\source_engine\enumerations\e_move_types.h" />
    <ClInclude Include="main\source_engine\classes\c_client_state.h" />
    <ClInclude Include="main\features\cache\cache.h" />
    <ClInclude Include="main\source_engine\structs\matrix_t.h" />
    <ClInclude Include="main\source_engine\math\math.h" />
    <ClInclude Include="main\features\variables.h" />
    <ClInclude Include="main\source_engine\enumerations\e_command_buttons.h" />
    <ClInclude Include="main\source_engine\enumerations\e_entity_flags.h" />
    <ClInclude Include="main\source_engine\classes\c_panel.h" />
    <ClInclude Include="main\source_engine\c_panel.h" />
    <ClInclude Include="main\source_engine\classes\c_globals.h" />
    <ClInclude Include="main\source_engine\structs\player_info_t.h" />
    <ClInclude Include="main\source_engine\classes\c_weapon_system.h" />
    <ClInclude Include="main\source_engine\classes\c_weapon_data.h" />
    <ClInclude Include="main\source_engine\classes\c_localize.h" />
    <ClInclude Include="main\menu\gui\render_wrapper.h" />
    <ClInclude Include="main\menu\gui\input_wrapper.h" />
    <ClInclude Include="main\menu\gui\gui.h" />
    <ClInclude Include="main\source_engine\classes\c_model_info.h" />
    <ClInclude Include="main\source_engine\classes\c_material.h" />
    <ClInclude Include="main\source_engine\classes\c_material_system.h" />
    <ClInclude Include="main\source_engine\c_utl_vector.h" />
    <ClInclude Include="main\config\config.h" />
    <ClInclude Include="main\features\aimbot\aimbot.h" />
    <ClInclude Include="main\source_engine\enumerations\e_item_definition_index.h" />
    <ClInclude Include="main\source_engine\classes\c_console.h" />
    <ClInclude Include="main\source_engine\classes\c_convar.h" />
    <ClInclude Include="main\source_engine\classes\c_file_system.h" />
    <ClInclude Include="main\utilities\render\nanosvg.h" />
    <ClInclude Include="main\utilities\render\nanosvgrast.h" />
    <ClInclude Include="main\source_engine\classes\c_client_class.h" />
    <ClInclude Include="main\utilities\render\fonts\ink_free.h" />
    <ClInclude Include="main\features\particle_system\particle_effects.h" />
    <ClInclude Include="main\features\prediction\prediction.h" />
    <ClInclude Include="main\source_engine\classes\c_prediction.h" />
    <ClInclude Include="main\source_engine\classes\c_particle_collection.h" />
    <ClInclude Include="main\features\visuals\motion_blur\motion_blur.h" />
    <ClInclude Include="main\source_engine\classes\c_view_setup.h" />
    <ClInclude Include="main\source_engine\classes\c_texture.h" />
    <ClInclude Include="main\source_engine\classes\c_hud_chat.h" />
    <ClInclude Include="main\source_engine\classes\c_physics_collision.h" />
    <ClInclude Include="main\features\visuals\weather\weather.h" />
    <ClInclude Include="main\features\events\events.h" />
    <ClInclude Include="main\source_engine\classes\c_game_event_manager.h" />
    <ClInclude Include="main\utilities\imgui\imgui.h" />
    <ClInclude Include="main\utilities\imgui\imgui_internal.h" />
    <ClInclude Include="main\utilities\imgui\imstb_rectpack.h" />
    <ClInclude Include="main\utilities\imgui\imstb_textedit.h" />
    <ClInclude Include="main\utilities\imgui\imstb_truetype.h" />
    <ClInclude Include="main\utilities\imgui\imconfig.h" />
    <ClInclude Include="main\utilities\imgui\imgui_impl_dx9.h" />
    <ClInclude Include="main\utilities\imgui\imgui_impl_win32.h" />
    <ClInclude Include="main\utilities\imgui\misc\freetype\imgui_freetype.h" />
    <ClInclude Include="main\features\visuals\prediction\grenade_prediction.h" />
    <ClInclude Include="main\source_engine\steam_sdk\isteamapplist.h" />
    <ClInclude Include="main\source_engine\steam_sdk\isteamapps.h" />
    <ClInclude Include="main\source_engine\steam_sdk\isteamappticket.h" />
    <ClInclude Include="main\source_engine\steam_sdk\isteamclient.h" />
    <ClInclude Include="main\source_engine\steam_sdk\isteamcontroller.h" />
    <ClInclude Include="main\source_engine\steam_sdk\isteamfriends.h" />
    <ClInclude Include="main\source_engine\steam_sdk\isteamgamecoordinator.h" />
    <ClInclude Include="main\source_engine\steam_sdk\isteamgameserver.h" />
    <ClInclude Include="main\source_engine\steam_sdk\isteamgameserverstats.h" />
    <ClInclude Include="main\source_engine\steam_sdk\isteamhtmlsurface.h" />
    <ClInclude Include="main\source_engine\steam_sdk\isteamhttp.h" />
    <ClInclude Include="main\source_engine\steam_sdk\isteaminventory.h" />
    <ClInclude Include="main\source_engine\steam_sdk\isteammasterserverupdater.h" />
    <ClInclude Include="main\source_engine\steam_sdk\isteammatchmaking.h" />
    <ClInclude Include="main\source_engine\steam_sdk\isteammusic.h" />
    <ClInclude Include="main\source_engine\steam_sdk\isteammusicremote.h" />
    <ClInclude Include="main\source_engine\steam_sdk\isteamnetworking.h" />
    <ClInclude Include="main\source_engine\steam_sdk\isteamparentalsettings.h" />
    <ClInclude Include="main\source_engine\steam_sdk\isteamps3overlayrenderer.h" />
    <ClInclude Include="main\source_engine\steam_sdk\isteamremotestorage.h" />
    <ClInclude Include="main\source_engine\steam_sdk\isteamscreenshots.h" />
    <ClInclude Include="main\source_engine\steam_sdk\isteamugc.h" />
    <ClInclude Include="main\source_engine\steam_sdk\isteamuser.h" />
    <ClInclude Include="main\source_engine\steam_sdk\isteamuserstats.h" />
    <ClInclude Include="main\source_engine\steam_sdk\isteamutils.h" />
    <ClInclude Include="main\source_engine\steam_sdk\isteamvideo.h" />
    <ClInclude Include="main\source_engine\steam_sdk\matchmakingtypes.h" />
    <ClInclude Include="main\source_engine\steam_sdk\steamclientpublic.h" />
    <ClInclude Include="main\source_engine\steam_sdk\steamencryptedappticket.h" />
    <ClInclude Include="main\source_engine\steam_sdk\steamhttpenums.h" />
    <ClInclude Include="main\source_engine\steam_sdk\steamps3params.h" />
    <ClInclude Include="main\source_engine\steam_sdk\steamtypes.h" />
    <ClInclude Include="main\source_engine\steam_sdk\steamuniverse.h" />
    <ClInclude Include="main\source_engine\steam_sdk\steam_api.h" />
    <ClInclude Include="main\source_engine\steam_sdk\steam_api_flat.h" />
    <ClInclude Include="main\source_engine\steam_sdk\steam_api_internal.h" />
    <ClInclude Include="main\source_engine\steam_sdk\steam_gameserver.h" />
    <ClInclude Include="main\config\archivex.h" />
    <ClInclude Include="main\source_engine\classes\c_effects.h" />
  </ItemGroup>
  <ItemGroup>
    <ClCompile Include="main\features\visuals\edicts\edicts.cpp" />
    <ClCompile Include="main\features\visuals\players\players.cpp" />
    <ClCompile Include="main\hooks\hooks.cpp" />
    <ClCompile Include="main\hooks\functions\create_move.cpp" />
    <ClCompile Include="main\hooks\functions\end_scene.cpp" />
    <ClCompile Include="main\hooks\functions\paint_traverse.cpp" />
    <ClCompile Include="main\hooks\functions\reset.cpp" />
    <ClCompile Include="main\features\misc\misc.cpp" />
    <ClCompile Include="main\features\movement\indicators\indicators.cpp" />
    <ClCompile Include="main\features\movement\movement.cpp" />
    <ClCompile Include="main\main.cpp" />
    <ClCompile Include="main\utilities\utilities.cpp" />
    <ClCompile Include="main\memory\memory.cpp" />
    <ClCompile Include="main\source_engine\interfaces\interfaces.cpp" />
    <ClCompile Include="main\hooks\functions\vsnprintf.cpp" />
    <ClCompile Include="main\hooks\functions\frame_stage_notify.cpp" />
    <ClCompile Include="main\hashing\other\crc32.cpp" />
    <ClCompile Include="main\hooks\functions\alloc_key_values_memory.cpp" />
    <ClCompile Include="main\utilities\input\input.cpp" />
    <ClCompile Include="main\hooks\functions\wndproc.cpp" />
    <ClCompile Include="main\utilities\render\render.cpp" />
    <ClCompile Include="main\menu\menu.cpp" />
    <ClCompile Include="main\hooks\functions\lock_cursor.cpp" />
    <ClCompile Include="main\source_engine\classes\c_color.cpp" />
    <ClCompile Include="main\source_engine\netvars\netvars.cpp" />
    <ClCompile Include="main\hooks\functions\on_add_entity.cpp" />
    <ClCompile Include="main\hooks\functions\on_remove_entity.cpp" />
    <ClCompile Include="main\features\cache\cache.cpp" />
    <ClCompile Include="main\hooks\functions\level_init_pre_entity.cpp" />
    <ClCompile Include="main\hooks\functions\level_shutdown.cpp" />
    <ClCompile Include="main\source_engine\math\math.cpp" />
    <ClCompile Include="main\hooks\functions\draw_print_text.cpp" />
    <ClCompile Include="main\source_engine\classes\c_base_entity.cpp" />
    <ClCompile Include="main\menu\gui\render_wrapper.cpp" />
    <ClCompile Include="main\menu\gui\input_wrapper.cpp" />
    <ClCompile Include="main\menu\gui\gui.cpp" />
    <ClCompile Include="main\hooks\functions\draw_model_execute.cpp" />
    <ClCompile Include="main\config\config.cpp" />
    <ClCompile Include="main\features\aimbot\aimbot.cpp" />
    <ClCompile Include="main\source_engine\classes\c_trace.h" />
    <ClCompile Include="main\hooks\functions\get_color_modulation.cpp" />
    <ClCompile Include="main\source_engine\classes\c_glow_manager.h" />
    <ClCompile Include="main\hooks\functions\post_screen_effects.cpp" />
    <ClCompile Include="main\features\prediction\prediction.cpp" />
    <ClCompile Include="main\hooks\functions\is_using_static_prop_debug_modes.cpp" />
    <ClCompile Include="main\hooks\functions\particle_collection_simulate.cpp" />
    <ClCompile Include="main\features\visuals\motion_blur\motion_blur.cpp" />
    <ClCompile Include="main\hooks\functions\draw_view_model.cpp" />
    <ClCompile Include="main\hooks\functions\emit_sound.cpp" />
    <ClCompile Include="main\hooks\functions\push_notice.cpp" />
    <ClCompile Include="main\hooks\functions\override_mouse_input.cpp" />
    <ClCompile Include="main\hooks\functions\get_vcollide.cpp" />
    <ClCompile Include="main\features\visuals\weather\weather.cpp" />
    <ClCompile Include="main\features\events\events.cpp" />
    <ClCompile Include="main\hooks\functions\override_view.cpp" />
    <ClCompile Include="main\hooks\functions\viewmodel_field_of_view.cpp" />
    <ClCompile Include="main\hooks\functions\aspect_ratio.cpp" />
    <ClCompile Include="main\hooks\functions\is_connected.cpp" />
    <ClCompile Include="main\utilities\imgui\imgui.cpp" />
    <ClCompile Include="main\utilities\imgui\imgui_demo.cpp" />
    <ClCompile Include="main\utilities\imgui\imgui_draw.cpp" />
    <ClCompile Include="main\utilities\imgui\imgui_tables.cpp" />
    <ClCompile Include="main\utilities\imgui\imgui_widgets.cpp" />
    <ClCompile Include="main\utilities\imgui\imgui_impl_dx9.cpp" />
    <ClCompile Include="main\utilities\imgui\imgui_impl_win32.cpp" />
    <ClCompile Include="main\utilities\imgui\misc\freetype\imgui_freetype.cpp" />
    <ClCompile Include="main\features\visuals\prediction\grenade_prediction.cpp" />
    <ClCompile Include="main\hooks\functions\is_hltv.cpp" />
    <ClCompile Include="main\hooks\functions\supports_full_depth.cpp" />
  </ItemGroup>
</Project>